
Microsoft Visual Studio Solution File, Format Version 12.00
# Visual Studio Version 17
VisualStudioVersion = 17.0.31903.59
MinimumVisualStudioVersion = 10.0.40219.1
Project("{FAE04EC0-301F-11D3-BF4B-00C04F79EFBC}") = "personal-kanban", "src\personal-kanban.csproj", "{1CB44D48-4561-46D8-95F6-018CEF1EA2D0}"
EndProject
Project("{FAE04EC0-301F-11D3-BF4B-00C04F79EFBC}") = "personal-kanban-test", "test\personal-kanban-test.csproj", "{23681207-B4EC-4EC6-8C4A-3DA371500071}"
EndProject
Global
	GlobalSection(SolutionConfigurationPlatforms) = preSolution
		Debug|Any CPU = Debug|Any CPU
		Release|Any CPU = Release|Any CPU
	EndGlobalSection
	GlobalSection(SolutionProperties) = preSolution
		HideSolutionNode = FALSE
	EndGlobalSection
	GlobalSection(ProjectConfigurationPlatforms) = postSolution
		{1CB44D48-4561-46D8-95F6-018CEF1EA2D0}.Debug|Any CPU.ActiveCfg = Debug|Any CPU
		{1CB44D48-4561-46D8-95F6-018CEF1EA2D0}.Debug|Any CPU.Build.0 = Debug|Any CPU
		{1CB44D48-4561-46D8-95F6-018CEF1EA2D0}.Release|Any CPU.ActiveCfg = Release|Any CPU
		{1CB44D48-4561-46D8-95F6-018CEF1EA2D0}.Release|Any CPU.Build.0 = Release|Any CPU
		{23681207-B4EC-4EC6-8C4A-3DA371500071}.Debug|Any CPU.ActiveCfg = Debug|Any CPU
		{23681207-B4EC-4EC6-8C4A-3DA371500071}.Debug|Any CPU.Build.0 = Debug|Any CPU
		{23681207-B4EC-4EC6-8C4A-3DA371500071}.Release|Any CPU.ActiveCfg = Release|Any CPU
		{23681207-B4EC-4EC6-8C4A-3DA371500071}.Release|Any CPU.Build.0 = Release|Any CPU
	EndGlobalSection
EndGlobal
